{
  "name": "loverachel",
  "version": "0.0.1",
  "lockfileVersion": 3,
  "requires": true,
  "packages": {
    "": {
      "name": "loverachel",
      "version": "0.0.1",
      "private": true,
      "type": "module",
      "dependencies": {
        "gsap": "^3.12.5",
        "astro": "^5.18.1"
      }
    },
    "node_modules/astro": {
      "version": "5.18.1",
      "resolved": "https://registry.npmjs.org/astro/-/astro-5.18.1.tgz",
      "integrity": "sha512-9Z8v6+ewY3G6ijDC2wr1+p/YbMJXWPPfB1uJJL9F3a/p1rL2tPd5LjKZZAuIc6LhPBuoB2uLkJ3LZM3BYRmhFA=="
    },
    "node_modules/gsap": {
      "version": "3.12.5",
      "resolved": "https://registry.npmjs.org/gsap/-/gsap-3.12.5.tgz",
      "integrity": "sha512-srBfnk4n+Oe/ZnMIOXt3gT605BX9x5+rh/prT2F1SsNJsU1XuMiP0E2aptW481OnonOGACZWBqseH5Z7csHxhQ=="
    }
  }
}
