{
  "name": "loverachel",
  "version": "0.0.1",
  "lockfileVersion": 3,
  "requires": true,
  "packages": {
    "": {
      "name": "loverachel",
      "version": "0.0.1",
      "private": true,
      "type": "module",
      "dependencies": {
        "gsap": "^3.12.5",
        "astro": "^5.18.1"
      }
    },
    "node_modules/astro": {
      "version": "5.18.1",
      "resolved": "https://registry.npmjs.org/astro/-/astro-5.18.1.tgz",
      "integrity": "sha512-xxx",
      "bin": {
        "astro": "astro.js"
      },
      "engines": {
        "node": ">=18.17.1"
      }
    },
    "node_modules/gsap": {
      "version": "3.12.5",
      "resolved": "https://registry.npmjs.org/gsap/-/gsap-3.12.5.tgz",
      "integrity": "sha512-xxx"
    }
  }
}
